
Microsoft Visual Studio Solution File, Format Version 12.00
# Visual Studio Version 17
VisualStudioVersion = 17.2.32616.157
MinimumVisualStudioVersion = 10.0.40219.1
Project("{9A19103F-16F7-4668-BE54-9A1E7A4F7556}") = "Insector", "Insector\Insector.csproj", "{35A51E52-8186-4DAE-AD44-F2CABC2A8E51}"
EndProject
Project("{9A19103F-16F7-4668-BE54-9A1E7A4F7556}") = "Insector.Data", "Insector.Data\Insector.Data.csproj", "{D43578DD-251B-4FAF-B5CE-34F697760D1E}"
EndProject
Project("{9A19103F-16F7-4668-BE54-9A1E7A4F7556}") = "Insector.Services", "Insector.Services\Insector.Services.csproj", "{EA8E70FE-727A-4195-A0BA-97567A8AD132}"
EndProject
Project("{9A19103F-16F7-4668-BE54-9A1E7A4F7556}") = "Insector.Tests", "Insector.Tests\Insector.Tests.csproj", "{75483D1E-3508-4B54-9872-72D053CC5275}"
EndProject
Project("{2150E333-8FDC-42A3-9474-1A3956D46DE8}") = "Solution Items", "Solution Items", "{53B1A3AC-033C-4BE1-9944-E292533E842D}"
	ProjectSection(SolutionItems) = preProject
		.editorconfig = .editorconfig
	EndProjectSection
EndProject
Global
	GlobalSection(SolutionConfigurationPlatforms) = preSolution
		Debug|Any CPU = Debug|Any CPU
		Release|Any CPU = Release|Any CPU
	EndGlobalSection
	GlobalSection(ProjectConfigurationPlatforms) = postSolution
		{35A51E52-8186-4DAE-AD44-F2CABC2A8E51}.Debug|Any CPU.ActiveCfg = Debug|Any CPU
		{35A51E52-8186-4DAE-AD44-F2CABC2A8E51}.Debug|Any CPU.Build.0 = Debug|Any CPU
		{35A51E52-8186-4DAE-AD44-F2CABC2A8E51}.Release|Any CPU.ActiveCfg = Release|Any CPU
		{35A51E52-8186-4DAE-AD44-F2CABC2A8E51}.Release|Any CPU.Build.0 = Release|Any CPU
		{D43578DD-251B-4FAF-B5CE-34F697760D1E}.Debug|Any CPU.ActiveCfg = Debug|Any CPU
		{D43578DD-251B-4FAF-B5CE-34F697760D1E}.Debug|Any CPU.Build.0 = Debug|Any CPU
		{D43578DD-251B-4FAF-B5CE-34F697760D1E}.Release|Any CPU.ActiveCfg = Release|Any CPU
		{D43578DD-251B-4FAF-B5CE-34F697760D1E}.Release|Any CPU.Build.0 = Release|Any CPU
		{EA8E70FE-727A-4195-A0BA-97567A8AD132}.Debug|Any CPU.ActiveCfg = Debug|Any CPU
		{EA8E70FE-727A-4195-A0BA-97567A8AD132}.Debug|Any CPU.Build.0 = Debug|Any CPU
		{EA8E70FE-727A-4195-A0BA-97567A8AD132}.Release|Any CPU.ActiveCfg = Release|Any CPU
		{EA8E70FE-727A-4195-A0BA-97567A8AD132}.Release|Any CPU.Build.0 = Release|Any CPU
		{75483D1E-3508-4B54-9872-72D053CC5275}.Debug|Any CPU.ActiveCfg = Debug|Any CPU
		{75483D1E-3508-4B54-9872-72D053CC5275}.Debug|Any CPU.Build.0 = Debug|Any CPU
		{75483D1E-3508-4B54-9872-72D053CC5275}.Release|Any CPU.ActiveCfg = Release|Any CPU
		{75483D1E-3508-4B54-9872-72D053CC5275}.Release|Any CPU.Build.0 = Release|Any CPU
	EndGlobalSection
	GlobalSection(SolutionProperties) = preSolution
		HideSolutionNode = FALSE
	EndGlobalSection
	GlobalSection(ExtensibilityGlobals) = postSolution
		SolutionGuid = {5BB17AD7-0E52-4617-B762-958239B545D4}
	EndGlobalSection
EndGlobal
